
Microsoft Visual Studio Solution File, Format Version 12.00
# Visual Studio Version 16
VisualStudioVersion = 16.0.33027.164
MinimumVisualStudioVersion = 10.0.40219.1
Project("{FAE04EC0-301F-11D3-BF4B-00C04F79EFBC}") = "SeasonSimulator", "SeasonSimulator\SeasonSimulator.csproj", "{EB2F5996-F0E5-492F-A901-2E69424BADC7}"
EndProject
Global
	GlobalSection(SolutionConfigurationPlatforms) = preSolution
		Debug|Any CPU = Debug|Any CPU
		Release|Any CPU = Release|Any CPU
	EndGlobalSection
	GlobalSection(ProjectConfigurationPlatforms) = postSolution
		{EB2F5996-F0E5-492F-A901-2E69424BADC7}.Debug|Any CPU.ActiveCfg = Debug|Any CPU
		{EB2F5996-F0E5-492F-A901-2E69424BADC7}.Debug|Any CPU.Build.0 = Debug|Any CPU
		{EB2F5996-F0E5-492F-A901-2E69424BADC7}.Release|Any CPU.ActiveCfg = Release|Any CPU
		{EB2F5996-F0E5-492F-A901-2E69424BADC7}.Release|Any CPU.Build.0 = Release|Any CPU
	EndGlobalSection
	GlobalSection(SolutionProperties) = preSolution
		HideSolutionNode = FALSE
	EndGlobalSection
	GlobalSection(ExtensibilityGlobals) = postSolution
		SolutionGuid = {537F5F1B-DC9E-4CFA-A060-22D37B95F662}
	EndGlobalSection
EndGlobal
